Microsoft Visual Studio Solution File, Format Version 12.00
# Visual Studio Version 17
VisualStudioVersion = 17.5.2.0
MinimumVisualStudioVersion = 10.0.40219.1
Project("{FAE04EC0-301F-11D3-BF4B-00C04F79EFBC}") = "VisionGuard", "AnyCam\VisionGuard.csproj", "{3D698CCD-FE6B-A43C-9CE2-FBEEA225A525}"
EndProject
Global
	GlobalSection(SolutionConfigurationPlatforms) = preSolution
		Debug|Any CPU = Debug|Any CPU
		Release|Any CPU = Release|Any CPU
	EndGlobalSection
	GlobalSection(ProjectConfigurationPlatforms) = postSolution
		{3D698CCD-FE6B-A43C-9CE2-FBEEA225A525}.Debug|Any CPU.ActiveCfg = Debug|Any CPU
		{3D698CCD-FE6B-A43C-9CE2-FBEEA225A525}.Debug|Any CPU.Build.0 = Debug|Any CPU
		{3D698CCD-FE6B-A43C-9CE2-FBEEA225A525}.Release|Any CPU.ActiveCfg = Release|Any CPU
		{3D698CCD-FE6B-A43C-9CE2-FBEEA225A525}.Release|Any CPU.Build.0 = Release|Any CPU
	EndGlobalSection
	GlobalSection(SolutionProperties) = preSolution
		HideSolutionNode = FALSE
	EndGlobalSection
	GlobalSection(ExtensibilityGlobals) = postSolution
		SolutionGuid = {2F28154E-C23B-44B1-BFEA-E6398153E20A}
	EndGlobalSection
EndGlobal
